
Microsoft Visual Studio Solution File, Format Version 12.00
# Visual Studio Version 16
VisualStudioVersion = 16.0.29201.188
MinimumVisualStudioVersion = 10.0.40219.1
Project("{FAE04EC0-301F-11D3-BF4B-00C04F79EFBC}") = "FluentValidation.Extensions.Options", "FluentValidation.Extensions.Options\FluentValidation.Extensions.Options.csproj", "{636CCB78-755B-4053-8D1B-8D3E3BD3B11B}"
EndProject
Project("{FAE04EC0-301F-11D3-BF4B-00C04F79EFBC}") = "FluentValidation.Extensions.Options.Tests", "FluentValidation.Extensions.Options.Tests\FluentValidation.Extensions.Options.Tests.csproj", "{4E7FC613-035A-4AB2-A363-BBF2432D2FF6}"
EndProject
Global
	GlobalSection(SolutionConfigurationPlatforms) = preSolution
		Debug|Any CPU = Debug|Any CPU
		Release|Any CPU = Release|Any CPU
	EndGlobalSection
	GlobalSection(ProjectConfigurationPlatforms) = postSolution
		{636CCB78-755B-4053-8D1B-8D3E3BD3B11B}.Debug|Any CPU.ActiveCfg = Debug|Any CPU
		{636CCB78-755B-4053-8D1B-8D3E3BD3B11B}.Debug|Any CPU.Build.0 = Debug|Any CPU
		{636CCB78-755B-4053-8D1B-8D3E3BD3B11B}.Release|Any CPU.ActiveCfg = Release|Any CPU
		{636CCB78-755B-4053-8D1B-8D3E3BD3B11B}.Release|Any CPU.Build.0 = Release|Any CPU
		{4E7FC613-035A-4AB2-A363-BBF2432D2FF6}.Debug|Any CPU.ActiveCfg = Debug|Any CPU
		{4E7FC613-035A-4AB2-A363-BBF2432D2FF6}.Debug|Any CPU.Build.0 = Debug|Any CPU
		{4E7FC613-035A-4AB2-A363-BBF2432D2FF6}.Release|Any CPU.ActiveCfg = Release|Any CPU
		{4E7FC613-035A-4AB2-A363-BBF2432D2FF6}.Release|Any CPU.Build.0 = Release|Any CPU
	EndGlobalSection
	GlobalSection(SolutionProperties) = preSolution
		HideSolutionNode = FALSE
	EndGlobalSection
	GlobalSection(ExtensibilityGlobals) = postSolution
		SolutionGuid = {25091CCD-4299-42C0-9C4A-28846FDC98BD}
	EndGlobalSection
EndGlobal
